
Microsoft Visual Studio Solution File, Format Version 12.00
# Visual Studio Version 16
VisualStudioVersion = 16.0.32126.315
MinimumVisualStudioVersion = 10.0.40219.1
Project("{9A19103F-16F7-4668-BE54-9A1E7A4F7556}") = "Zad1", "Zad1\Zad1.csproj", "{53D44059-4659-4007-9221-E23F18733AF6}"
EndProject
Project("{9A19103F-16F7-4668-BE54-9A1E7A4F7556}") = "Zad2", "Zad2\Zad2.csproj", "{5C88140D-2E87-4642-BE89-D434ECA5A559}"
EndProject
Project("{9A19103F-16F7-4668-BE54-9A1E7A4F7556}") = "Zad3", "Zad3\Zad3.csproj", "{DC2398DB-1C89-466B-A333-324107661FCA}"
EndProject
Project("{9A19103F-16F7-4668-BE54-9A1E7A4F7556}") = "Zad4", "Zad4\Zad4.csproj", "{C058850C-A259-47ED-AA8B-E3859E4CB3E5}"
EndProject
Project("{9A19103F-16F7-4668-BE54-9A1E7A4F7556}") = "Zad5", "Zad5\Zad5.csproj", "{B2A3BCD3-9E78-47EC-8E06-DE94D6E8480C}"
EndProject
Project("{FAE04EC0-301F-11D3-BF4B-00C04F79EFBC}") = "Zad6", "Zad6\Zad6.csproj", "{D3D1DF49-8386-4B4A-9B20-05EEB6DBBFD9}"
EndProject
Project("{FAE04EC0-301F-11D3-BF4B-00C04F79EFBC}") = "Zad7", "Zad7\Zad7.csproj", "{68535B56-8ADE-4A53-98A2-EFEC8271DBDB}"
EndProject
Global
	GlobalSection(SolutionConfigurationPlatforms) = preSolution
		Debug|Any CPU = Debug|Any CPU
		Release|Any CPU = Release|Any CPU
	EndGlobalSection
	GlobalSection(ProjectConfigurationPlatforms) = postSolution
		{53D44059-4659-4007-9221-E23F18733AF6}.Debug|Any CPU.ActiveCfg = Debug|Any CPU
		{53D44059-4659-4007-9221-E23F18733AF6}.Debug|Any CPU.Build.0 = Debug|Any CPU
		{53D44059-4659-4007-9221-E23F18733AF6}.Release|Any CPU.ActiveCfg = Release|Any CPU
		{53D44059-4659-4007-9221-E23F18733AF6}.Release|Any CPU.Build.0 = Release|Any CPU
		{5C88140D-2E87-4642-BE89-D434ECA5A559}.Debug|Any CPU.ActiveCfg = Debug|Any CPU
		{5C88140D-2E87-4642-BE89-D434ECA5A559}.Debug|Any CPU.Build.0 = Debug|Any CPU
		{5C88140D-2E87-4642-BE89-D434ECA5A559}.Release|Any CPU.ActiveCfg = Release|Any CPU
		{5C88140D-2E87-4642-BE89-D434ECA5A559}.Release|Any CPU.Build.0 = Release|Any CPU
		{DC2398DB-1C89-466B-A333-324107661FCA}.Debug|Any CPU.ActiveCfg = Debug|Any CPU
		{DC2398DB-1C89-466B-A333-324107661FCA}.Debug|Any CPU.Build.0 = Debug|Any CPU
		{DC2398DB-1C89-466B-A333-324107661FCA}.Release|Any CPU.ActiveCfg = Release|Any CPU
		{DC2398DB-1C89-466B-A333-324107661FCA}.Release|Any CPU.Build.0 = Release|Any CPU
		{C058850C-A259-47ED-AA8B-E3859E4CB3E5}.Debug|Any CPU.ActiveCfg = Debug|Any CPU
		{C058850C-A259-47ED-AA8B-E3859E4CB3E5}.Debug|Any CPU.Build.0 = Debug|Any CPU
		{C058850C-A259-47ED-AA8B-E3859E4CB3E5}.Release|Any CPU.ActiveCfg = Release|Any CPU
		{C058850C-A259-47ED-AA8B-E3859E4CB3E5}.Release|Any CPU.Build.0 = Release|Any CPU
		{B2A3BCD3-9E78-47EC-8E06-DE94D6E8480C}.Debug|Any CPU.ActiveCfg = Debug|Any CPU
		{B2A3BCD3-9E78-47EC-8E06-DE94D6E8480C}.Debug|Any CPU.Build.0 = Debug|Any CPU
		{B2A3BCD3-9E78-47EC-8E06-DE94D6E8480C}.Release|Any CPU.ActiveCfg = Release|Any CPU
		{B2A3BCD3-9E78-47EC-8E06-DE94D6E8480C}.Release|Any CPU.Build.0 = Release|Any CPU
		{D3D1DF49-8386-4B4A-9B20-05EEB6DBBFD9}.Debug|Any CPU.ActiveCfg = Debug|Any CPU
		{D3D1DF49-8386-4B4A-9B20-05EEB6DBBFD9}.Debug|Any CPU.Build.0 = Debug|Any CPU
		{D3D1DF49-8386-4B4A-9B20-05EEB6DBBFD9}.Release|Any CPU.ActiveCfg = Release|Any CPU
		{D3D1DF49-8386-4B4A-9B20-05EEB6DBBFD9}.Release|Any CPU.Build.0 = Release|Any CPU
		{68535B56-8ADE-4A53-98A2-EFEC8271DBDB}.Debug|Any CPU.ActiveCfg = Debug|Any CPU
		{68535B56-8ADE-4A53-98A2-EFEC8271DBDB}.Debug|Any CPU.Build.0 = Debug|Any CPU
		{68535B56-8ADE-4A53-98A2-EFEC8271DBDB}.Release|Any CPU.ActiveCfg = Release|Any CPU
		{68535B56-8ADE-4A53-98A2-EFEC8271DBDB}.Release|Any CPU.Build.0 = Release|Any CPU
	EndGlobalSection
	GlobalSection(SolutionProperties) = preSolution
		HideSolutionNode = FALSE
	EndGlobalSection
	GlobalSection(ExtensibilityGlobals) = postSolution
		SolutionGuid = {1C2D71AC-B3B7-485D-AA31-8E780D7B7EC7}
	EndGlobalSection
EndGlobal
